
Microsoft Visual Studio Solution File, Format Version 12.00
# Visual Studio Version 17
VisualStudioVersion = 17.0.31903.59
MinimumVisualStudioVersion = 10.0.40219.1
Project("{FAE04EC0-301F-11D3-BF4B-00C04F79EFBC}") = "SmartProperty.Api", "SmartProperty.Api\SmartProperty.Api.csproj", "{C7E166C8-9B2F-41F4-AA90-E84EADBCBD9D}"
EndProject
Project("{FAE04EC0-301F-11D3-BF4B-00C04F79EFBC}") = "SmartProperty.Tests", "SmartProperty.Tests\SmartProperty.Tests.csproj", "{0A74F76D-558F-4ACE-B0D3-E29A1E9B5B6B}"
EndProject
Global
	GlobalSection(SolutionConfigurationPlatforms) = preSolution
		Debug|Any CPU = Debug|Any CPU
		Release|Any CPU = Release|Any CPU
	EndGlobalSection
	GlobalSection(SolutionProperties) = preSolution
		HideSolutionNode = FALSE
	EndGlobalSection
	GlobalSection(ProjectConfigurationPlatforms) = postSolution
		{C7E166C8-9B2F-41F4-AA90-E84EADBCBD9D}.Debug|Any CPU.ActiveCfg = Debug|Any CPU
		{C7E166C8-9B2F-41F4-AA90-E84EADBCBD9D}.Debug|Any CPU.Build.0 = Debug|Any CPU
		{C7E166C8-9B2F-41F4-AA90-E84EADBCBD9D}.Release|Any CPU.ActiveCfg = Release|Any CPU
		{C7E166C8-9B2F-41F4-AA90-E84EADBCBD9D}.Release|Any CPU.Build.0 = Release|Any CPU
		{0A74F76D-558F-4ACE-B0D3-E29A1E9B5B6B}.Debug|Any CPU.ActiveCfg = Debug|Any CPU
		{0A74F76D-558F-4ACE-B0D3-E29A1E9B5B6B}.Debug|Any CPU.Build.0 = Debug|Any CPU
		{0A74F76D-558F-4ACE-B0D3-E29A1E9B5B6B}.Release|Any CPU.ActiveCfg = Release|Any CPU
		{0A74F76D-558F-4ACE-B0D3-E29A1E9B5B6B}.Release|Any CPU.Build.0 = Release|Any CPU
	EndGlobalSection
EndGlobal
